
Microsoft Visual Studio Solution File, Format Version 12.00
# Visual Studio 2015
Project("{FAE04EC0-301F-11D3-BF4B-00C04F79EFBC}") = "erpk", "erpk.csproj", "{B97A5A3A-617B-EB81-4D65-5A81B60E38A1}"
EndProject
Project("{FAE04EC0-301F-11D3-BF4B-00C04F79EFBC}") = "erpk.Editor", "erpk.Editor.csproj", "{43318B21-F79F-2D72-DABB-393F270286AF}"
EndProject
Global
	GlobalSection(SolutionConfigurationPlatforms) = preSolution
		Debug|Any CPU = Debug|Any CPU
		Release|Any CPU = Release|Any CPU
	EndGlobalSection
	GlobalSection(ProjectConfigurationPlatforms) = postSolution
		{B97A5A3A-617B-EB81-4D65-5A81B60E38A1}.Debug|Any CPU.ActiveCfg = Debug|Any CPU
		{B97A5A3A-617B-EB81-4D65-5A81B60E38A1}.Debug|Any CPU.Build.0 = Debug|Any CPU
		{B97A5A3A-617B-EB81-4D65-5A81B60E38A1}.Release|Any CPU.ActiveCfg = Release|Any CPU
		{B97A5A3A-617B-EB81-4D65-5A81B60E38A1}.Release|Any CPU.Build.0 = Release|Any CPU
		{43318B21-F79F-2D72-DABB-393F270286AF}.Debug|Any CPU.ActiveCfg = Debug|Any CPU
		{43318B21-F79F-2D72-DABB-393F270286AF}.Debug|Any CPU.Build.0 = Debug|Any CPU
		{43318B21-F79F-2D72-DABB-393F270286AF}.Release|Any CPU.ActiveCfg = Release|Any CPU
		{43318B21-F79F-2D72-DABB-393F270286AF}.Release|Any CPU.Build.0 = Release|Any CPU
	EndGlobalSection
	GlobalSection(SolutionProperties) = preSolution
		HideSolutionNode = FALSE
	EndGlobalSection
EndGlobal
